// !$*UTF8*$!
{
	archiveVersion = 1;
	classes = {
	};
	objectVersion = 56;
	objects = {

/* Begin PBXBuildFile section */
		D802197F2F1E2ED600FAC8E4 /* Recipe_BookApp.swift in Sources */ = {isa = PBXBuildFile; fileRef = D802197E2F1E2ED600FAC8E4 /* Recipe_BookApp.swift */; };
		D80219832F1E2ED800FAC8E4 /* Assets.xcassets in Resources */ = {isa = PBXBuildFile; fileRef = D80219822F1E2ED800FAC8E4 /* Assets.xcassets */; };
		D80219862F1E2ED800FAC8E4 /* Preview Assets.xcassets in Resources */ = {isa = PBXBuildFile; fileRef = D80219852F1E2ED800FAC8E4 /* Preview Assets.xcassets */; };
		D80219A02F1E85C900FAC8E4 /* RootView.swift in Sources */ = {isa = PBXBuildFile; fileRef = D802199F2F1E85C900FAC8E4 /* RootView.swift */; };
		D80219A32F1E87E200FAC8E4 /* HomeView.swift in Sources */ = {isa = PBXBuildFile; fileRef = D80219A22F1E87E200FAC8E4 /* HomeView.swift */; };
		D80219A52F1E882300FAC8E4 /* SearchBarView.swift in Sources */ = {isa = PBXBuildFile; fileRef = D80219A42F1E882300FAC8E4 /* SearchBarView.swift */; };
		D80219A72F1E88A900FAC8E4 /* RecipeTileView.swift in Sources */ = {isa = PBXBuildFile; fileRef = D80219A62F1E88A900FAC8E4 /* RecipeTileView.swift */; };
		D80219AA2F1E899900FAC8E4 /* RecipePageView.swift in Sources */ = {isa = PBXBuildFile; fileRef = D80219A92F1E899900FAC8E4 /* RecipePageView.swift */; };
		D80219AC2F1E89AA00FAC8E4 /* ProfileView.swift in Sources */ = {isa = PBXBuildFile; fileRef = D80219AB2F1E89AA00FAC8E4 /* ProfileView.swift */; };
		D80219C92F1F641900FAC8E4 /* SavedRecipesView.swift in Sources */ = {isa = PBXBuildFile; fileRef = D80219C82F1F641900FAC8E4 /* SavedRecipesView.swift */; };
		D80219CB2F1F642800FAC8E4 /* RecipeBookRowView.swift in Sources */ = {isa = PBXBuildFile; fileRef = D80219CA2F1F642800FAC8E4 /* RecipeBookRowView.swift */; };
		D80219CD2F1F643700FAC8E4 /* RecipeBookView.swift in Sources */ = {isa = PBXBuildFile; fileRef = D80219CC2F1F643700FAC8E4 /* RecipeBookView.swift */; };
		D80219D02F1F85DA00FAC8E4 /* PageCurlView.swift in Sources */ = {isa = PBXBuildFile; fileRef = D80219CF2F1F85DA00FAC8E4 /* PageCurlView.swift */; };
		D80219D22F1FD29300FAC8E4 /* ProfileHeaderView.swift in Sources */ = {isa = PBXBuildFile; fileRef = D80219D12F1FD29300FAC8E4 /* ProfileHeaderView.swift */; };
		D80219D62F1FD36300FAC8E4 /* DietaryPreferences.swift in Sources */ = {isa = PBXBuildFile; fileRef = D80219D52F1FD36300FAC8E4 /* DietaryPreferences.swift */; };
		D80219D82F1FD4EC00FAC8E4 /* PremiumUpgradeView.swift in Sources */ = {isa = PBXBuildFile; fileRef = D80219D72F1FD4EC00FAC8E4 /* PremiumUpgradeView.swift */; };
		D80219DC2F1FDEA400FAC8E4 /* PremiumUpgradeBannerEffects.swift in Sources */ = {isa = PBXBuildFile; fileRef = D80219DB2F1FDEA400FAC8E4 /* PremiumUpgradeBannerEffects.swift */; };
		D80219DE2F20D32E00FAC8E4 /* AppEnvironment.swift in Sources */ = {isa = PBXBuildFile; fileRef = D80219DD2F20D32E00FAC8E4 /* AppEnvironment.swift */; };
		D80D70502F2B72D0008AE53B /* UserDataLogic.swift in Sources */ = {isa = PBXBuildFile; fileRef = D80D704F2F2B72D0008AE53B /* UserDataLogic.swift */; };
		D80D70522F2B7725008AE53B /* SharedElements.swift in Sources */ = {isa = PBXBuildFile; fileRef = D80D70512F2B7725008AE53B /* SharedElements.swift */; };
		D80D70542F2B7769008AE53B /* AdvertisementView.swift in Sources */ = {isa = PBXBuildFile; fileRef = D80D70532F2B7769008AE53B /* AdvertisementView.swift */; };
		D80D70562F2B77B2008AE53B /* TestJSON.swift in Sources */ = {isa = PBXBuildFile; fileRef = D80D70552F2B77B2008AE53B /* TestJSON.swift */; };
		D80D70582F2B7811008AE53B /* Color&Themes.swift in Sources */ = {isa = PBXBuildFile; fileRef = D80D70572F2B7811008AE53B /* Color&Themes.swift */; };
		D85333812F28B18B003A88D5 /* GetRecipe.swift in Sources */ = {isa = PBXBuildFile; fileRef = D85333802F28B18B003A88D5 /* GetRecipe.swift */; };
		D85333842F28C946003A88D5 /* BasicErrorHandling.swift in Sources */ = {isa = PBXBuildFile; fileRef = D85333832F28C946003A88D5 /* BasicErrorHandling.swift */; };
		D878BABB2F237B4A00B0E93D /* HomePageRecipeView.swift in Sources */ = {isa = PBXBuildFile; fileRef = D878BABA2F237B4A00B0E93D /* HomePageRecipeView.swift */; };
		D878BABD2F237FD800B0E93D /* HomeMealPage.swift in Sources */ = {isa = PBXBuildFile; fileRef = D878BABC2F237FD800B0E93D /* HomeMealPage.swift */; };
		D8B746B62F30C0E6004B7573 /* Profile Avatar Images in Resources */ = {isa = PBXBuildFile; fileRef = D8B746B52F30C0E6004B7573 /* Profile Avatar Images */; };
		D8B746B82F30C373004B7573 /* UserProfile.swift in Sources */ = {isa = PBXBuildFile; fileRef = D8B746B72F30C373004B7573 /* UserProfile.swift */; };
		D8B746BA2F30F4F6004B7573 /* UserProfileSettings.swift in Sources */ = {isa = PBXBuildFile; fileRef = D8B746B92F30F4F6004B7573 /* UserProfileSettings.swift */; };
		D8B746BE2F30FA6D004B7573 /* GuestUserView.swift in Sources */ = {isa = PBXBuildFile; fileRef = D8B746BD2F30FA6D004B7573 /* GuestUserView.swift */; };
		D8B746C02F30FC5E004B7573 /* SignInFormView.swift in Sources */ = {isa = PBXBuildFile; fileRef = D8B746BF2F30FC5E004B7573 /* SignInFormView.swift */; };
		D8BD04022F31DCD800AD6BD0 /* ContentView.swift in Sources */ = {isa = PBXBuildFile; fileRef = D8BD04012F31DCD800AD6BD0 /* ContentView.swift */; };
		D8BD04042F31DEEB00AD6BD0 /* APIModels.swift in Sources */ = {isa = PBXBuildFile; fileRef = D8BD04032F31DEEB00AD6BD0 /* APIModels.swift */; };
		D8BD04072F31EA6B00AD6BD0 /* MealSearch.swift in Sources */ = {isa = PBXBuildFile; fileRef = D8BD04062F31EA6B00AD6BD0 /* MealSearch.swift */; };
		D8BD04092F31EDCC00AD6BD0 /* SearchResultsElements.swift in Sources */ = {isa = PBXBuildFile; fileRef = D8BD04082F31EDCC00AD6BD0 /* SearchResultsElements.swift */; };
		D8BD040B2F31EFC700AD6BD0 /* DismissKeyboard.swift in Sources */ = {isa = PBXBuildFile; fileRef = D8BD040A2F31EFC700AD6BD0 /* DismissKeyboard.swift */; };
/* End PBXBuildFile section */

/* Begin PBXFileReference section */
		D802197B2F1E2ED600FAC8E4 /* Recipe Book.app */ = {isa = PBXFileReference; explicitFileType = wrapper.application; includeInIndex = 0; path = "Recipe Book.app"; sourceTree = BUILT_PRODUCTS_DIR; };
		D802197E2F1E2ED600FAC8E4 /* Recipe_BookApp.swift */ = {isa = PBXFileReference; lastKnownFileType = sourcecode.swift; path = Recipe_BookApp.swift; sourceTree = "<group>"; };
		D80219822F1E2ED800FAC8E4 /* Assets.xcassets */ = {isa = PBXFileReference; lastKnownFileType = folder.assetcatalog; path = Assets.xcassets; sourceTree = "<group>"; };
		D80219852F1E2ED800FAC8E4 /* Preview Assets.xcassets */ = {isa = PBXFileReference; lastKnownFileType = folder.assetcatalog; path = "Preview Assets.xcassets"; sourceTree = "<group>"; };
		D802199F2F1E85C900FAC8E4 /* RootView.swift */ = {isa = PBXFileReference; lastKnownFileType = sourcecode.swift; path = RootView.swift; sourceTree = "<group>"; };
		D80219A22F1E87E200FAC8E4 /* HomeView.swift */ = {isa = PBXFileReference; lastKnownFileType = sourcecode.swift; path = HomeView.swift; sourceTree = "<group>"; };
		D80219A42F1E882300FAC8E4 /* SearchBarView.swift */ = {isa = PBXFileReference; lastKnownFileType = sourcecode.swift; path = SearchBarView.swift; sourceTree = "<group>"; };
		D80219A62F1E88A900FAC8E4 /* RecipeTileView.swift */ = {isa = PBXFileReference; lastKnownFileType = sourcecode.swift; path = RecipeTileView.swift; sourceTree = "<group>"; };
		D80219A92F1E899900FAC8E4 /* RecipePageView.swift */ = {isa = PBXFileReference; lastKnownFileType = sourcecode.swift; path = RecipePageView.swift; sourceTree = "<group>"; };
		D80219AB2F1E89AA00FAC8E4 /* ProfileView.swift */ = {isa = PBXFileReference; lastKnownFileType = sourcecode.swift; path = ProfileView.swift; sourceTree = "<group>"; };
		D80219C82F1F641900FAC8E4 /* SavedRecipesView.swift */ = {isa = PBXFileReference; lastKnownFileType = sourcecode.swift; path = SavedRecipesView.swift; sourceTree = "<group>"; };
		D80219CA2F1F642800FAC8E4 /* RecipeBookRowView.swift */ = {isa = PBXFileReference; lastKnownFileType = sourcecode.swift; path = RecipeBookRowView.swift; sourceTree = "<group>"; };
		D80219CC2F1F643700FAC8E4 /* RecipeBookView.swift */ = {isa = PBXFileReference; lastKnownFileType = sourcecode.swift; path = RecipeBookView.swift; sourceTree = "<group>"; };
		D80219CF2F1F85DA00FAC8E4 /* PageCurlView.swift */ = {isa = PBXFileReference; lastKnownFileType = sourcecode.swift; path = PageCurlView.swift; sourceTree = "<group>"; };
		D80219D12F1FD29300FAC8E4 /* ProfileHeaderView.swift */ = {isa = PBXFileReference; lastKnownFileType = sourcecode.swift; path = ProfileHeaderView.swift; sourceTree = "<group>"; };
		D80219D52F1FD36300FAC8E4 /* DietaryPreferences.swift */ = {isa = PBXFileReference; lastKnownFileType = sourcecode.swift; path = DietaryPreferences.swift; sourceTree = "<group>"; };
		D80219D72F1FD4EC00FAC8E4 /* PremiumUpgradeView.swift */ = {isa = PBXFileReference; lastKnownFileType = sourcecode.swift; path = PremiumUpgradeView.swift; sourceTree = "<group>"; };
		D80219DB2F1FDEA400FAC8E4 /* PremiumUpgradeBannerEffects.swift */ = {isa = PBXFileReference; lastKnownFileType = sourcecode.swift; path = PremiumUpgradeBannerEffects.swift; sourceTree = "<group>"; };
		D80219DD2F20D32E00FAC8E4 /* AppEnvironment.swift */ = {isa = PBXFileReference; lastKnownFileType = sourcecode.swift; path = AppEnvironment.swift; sourceTree = "<group>"; };
		D80D704F2F2B72D0008AE53B /* UserDataLogic.swift */ = {isa = PBXFileReference; lastKnownFileType = sourcecode.swift; name = UserDataLogic.swift; path = "Recipe Book/Local Data Logic/UserDataLogic.swift"; sourceTree = SOURCE_ROOT; };
		D80D70512F2B7725008AE53B /* SharedElements.swift */ = {isa = PBXFileReference; lastKnownFileType = sourcecode.swift; path = SharedElements.swift; sourceTree = "<group>"; };
		D80D70532F2B7769008AE53B /* AdvertisementView.swift */ = {isa = PBXFileReference; lastKnownFileType = sourcecode.swift; path = AdvertisementView.swift; sourceTree = "<group>"; };
		D80D70552F2B77B2008AE53B /* TestJSON.swift */ = {isa = PBXFileReference; lastKnownFileType = sourcecode.swift; name = TestJSON.swift; path = "Recipe Book/Resources/Sample Data/TestJSON.swift"; sourceTree = SOURCE_ROOT; };
		D80D70572F2B7811008AE53B /* Color&Themes.swift */ = {isa = PBXFileReference; lastKnownFileType = sourcecode.swift; name = "Color&Themes.swift"; path = "Recipe Book/Utilities/Extensions/Color&Themes.swift"; sourceTree = SOURCE_ROOT; };
		D85333802F28B18B003A88D5 /* GetRecipe.swift */ = {isa = PBXFileReference; lastKnownFileType = sourcecode.swift; path = GetRecipe.swift; sourceTree = "<group>"; };
		D85333832F28C946003A88D5 /* BasicErrorHandling.swift */ = {isa = PBXFileReference; lastKnownFileType = sourcecode.swift; path = BasicErrorHandling.swift; sourceTree = "<group>"; };
		D878BABA2F237B4A00B0E93D /* HomePageRecipeView.swift */ = {isa = PBXFileReference; lastKnownFileType = sourcecode.swift; path = HomePageRecipeView.swift; sourceTree = "<group>"; };
		D878BABC2F237FD800B0E93D /* HomeMealPage.swift */ = {isa = PBXFileReference; lastKnownFileType = sourcecode.swift; path = HomeMealPage.swift; sourceTree = "<group>"; };
		D88AB9B62F31D37D000C8CE6 /* Recipe-Book-Info.plist */ = {isa = PBXFileReference; lastKnownFileType = text.plist.xml; name = "Recipe-Book-Info.plist"; path = "Recipe Book/Supporting Files/Recipe-Book-Info.plist"; sourceTree = SOURCE_ROOT; };
		D8B746B52F30C0E6004B7573 /* Profile Avatar Images */ = {isa = PBXFileReference; lastKnownFileType = folder; path = "Profile Avatar Images"; sourceTree = "<group>"; };
		D8B746B72F30C373004B7573 /* UserProfile.swift */ = {isa = PBXFileReference; lastKnownFileType = sourcecode.swift; path = UserProfile.swift; sourceTree = "<group>"; };
		D8B746B92F30F4F6004B7573 /* UserProfileSettings.swift */ = {isa = PBXFileReference; lastKnownFileType = sourcecode.swift; path = UserProfileSettings.swift; sourceTree = "<group>"; };
		D8B746BD2F30FA6D004B7573 /* GuestUserView.swift */ = {isa = PBXFileReference; lastKnownFileType = sourcecode.swift; path = GuestUserView.swift; sourceTree = "<group>"; };
		D8B746BF2F30FC5E004B7573 /* SignInFormView.swift */ = {isa = PBXFileReference; lastKnownFileType = sourcecode.swift; path = SignInFormView.swift; sourceTree = "<group>"; };
		D8BD04012F31DCD800AD6BD0 /* ContentView.swift */ = {isa = PBXFileReference; lastKnownFileType = sourcecode.swift; path = ContentView.swift; sourceTree = "<group>"; };
		D8BD04032F31DEEB00AD6BD0 /* APIModels.swift */ = {isa = PBXFileReference; lastKnownFileType = sourcecode.swift; path = APIModels.swift; sourceTree = "<group>"; };
		D8BD04062F31EA6B00AD6BD0 /* MealSearch.swift */ = {isa = PBXFileReference; lastKnownFileType = sourcecode.swift; path = MealSearch.swift; sourceTree = "<group>"; };
		D8BD04082F31EDCC00AD6BD0 /* SearchResultsElements.swift */ = {isa = PBXFileReference; lastKnownFileType = sourcecode.swift; path = SearchResultsElements.swift; sourceTree = "<group>"; };
		D8BD040A2F31EFC700AD6BD0 /* DismissKeyboard.swift */ = {isa = PBXFileReference; lastKnownFileType = sourcecode.swift; path = DismissKeyboard.swift; sourceTree = "<group>"; };
/* End PBXFileReference section */

/* Begin PBXFrameworksBuildPhase section */
		D80219782F1E2ED600FAC8E4 /* Frameworks */ = {
			isa = PBXFrameworksBuildPhase;
			buildActionMask = 2147483647;
			files = (
			);
			runOnlyForDeploymentPostprocessing = 0;
		};
/* End PBXFrameworksBuildPhase section */

/* Begin PBXGroup section */
		D80219722F1E2ED600FAC8E4 = {
			isa = PBXGroup;
			children = (
				D802197D2F1E2ED600FAC8E4 /* Recipe Book */,
				D802197C2F1E2ED600FAC8E4 /* Products */,
			);
			sourceTree = "<group>";
		};
		D802197C2F1E2ED600FAC8E4 /* Products */ = {
			isa = PBXGroup;
			children = (
				D802197B2F1E2ED600FAC8E4 /* Recipe Book.app */,
			);
			name = Products;
			sourceTree = "<group>";
		};
		D802197D2F1E2ED600FAC8E4 /* Recipe Book */ = {
			isa = PBXGroup;
			children = (
				D80219902F1E821600FAC8E4 /* App */,
				D80219912F1E828B00FAC8E4 /* Models */,
				D80219932F1E82AA00FAC8E4 /* Views */,
				D80219982F1E836100FAC8E4 /* Local Data Logic */,
				D80219992F1E837100FAC8E4 /* API Services */,
				D802199A2F1E837E00FAC8E4 /* Resources */,
				D802199B2F1E83A100FAC8E4 /* Utilities */,
				D8B7A84E2F2CB0A700B21F1B /* Unused assests  */,
				D802199C2F1E841F00FAC8E4 /* Supporting Files */,
				D8B746B42F30C0C0004B7573 /* App Assets */,
				D80219822F1E2ED800FAC8E4 /* Assets.xcassets */,
				D80219842F1E2ED800FAC8E4 /* Preview Content */,
			);
			path = "Recipe Book";
			sourceTree = "<group>";
		};
		D80219842F1E2ED800FAC8E4 /* Preview Content */ = {
			isa = PBXGroup;
			children = (
				D80219852F1E2ED800FAC8E4 /* Preview Assets.xcassets */,
			);
			path = "Preview Content";
			sourceTree = "<group>";
		};
		D80219902F1E821600FAC8E4 /* App */ = {
			isa = PBXGroup;
			children = (
				D802197E2F1E2ED600FAC8E4 /* Recipe_BookApp.swift */,
				D80219DD2F20D32E00FAC8E4 /* AppEnvironment.swift */,
			);
			path = App;
			sourceTree = "<group>";
		};
		D80219912F1E828B00FAC8E4 /* Models */ = {
			isa = PBXGroup;
			children = (
				D80219D52F1FD36300FAC8E4 /* DietaryPreferences.swift */,
				D878BABC2F237FD800B0E93D /* HomeMealPage.swift */,
				D8B746B72F30C373004B7573 /* UserProfile.swift */,
				D8BD04032F31DEEB00AD6BD0 /* APIModels.swift */,
			);
			path = Models;
			sourceTree = "<group>";
		};
		D80219932F1E82AA00FAC8E4 /* Views */ = {
			isa = PBXGroup;
			children = (
				D80219942F1E82BF00FAC8E4 /* Root */,
				D80219A12F1E87CA00FAC8E4 /* Home */,
				D80219952F1E82C400FAC8E4 /* Saved Recipe Books */,
				D80219A82F1E895E00FAC8E4 /* Profile */,
				D80219972F1E82FE00FAC8E4 /* Common */,
				D80219962F1E82E100FAC8E4 /* Components */,
			);
			path = Views;
			sourceTree = "<group>";
		};
		D80219942F1E82BF00FAC8E4 /* Root */ = {
			isa = PBXGroup;
			children = (
				D802199F2F1E85C900FAC8E4 /* RootView.swift */,
			);
			path = Root;
			sourceTree = "<group>";
		};
		D80219952F1E82C400FAC8E4 /* Saved Recipe Books */ = {
			isa = PBXGroup;
			children = (
				D80219C72F1F63E400FAC8E4 /* SavedRecipes */,
				D80219CE2F1F6A5D00FAC8E4 /* RecipePage */,
			);
			path = "Saved Recipe Books";
			sourceTree = "<group>";
		};
		D80219962F1E82E100FAC8E4 /* Components */ = {
			isa = PBXGroup;
			children = (
				D80D70512F2B7725008AE53B /* SharedElements.swift */,
			);
			path = Components;
			sourceTree = "<group>";
		};
		D80219972F1E82FE00FAC8E4 /* Common */ = {
			isa = PBXGroup;
			children = (
				D80D70532F2B7769008AE53B /* AdvertisementView.swift */,
			);
			path = Common;
			sourceTree = "<group>";
		};
		D80219982F1E836100FAC8E4 /* Local Data Logic */ = {
			isa = PBXGroup;
			children = (
				D80D704F2F2B72D0008AE53B /* UserDataLogic.swift */,
				D8B746B92F30F4F6004B7573 /* UserProfileSettings.swift */,
			);
			path = "Local Data Logic";
			sourceTree = "<group>";
		};
		D80219992F1E837100FAC8E4 /* API Services */ = {
			isa = PBXGroup;
			children = (
				D85333802F28B18B003A88D5 /* GetRecipe.swift */,
				D8BD04062F31EA6B00AD6BD0 /* MealSearch.swift */,
			);
			path = "API Services";
			sourceTree = "<group>";
		};
		D802199A2F1E837E00FAC8E4 /* Resources */ = {
			isa = PBXGroup;
			children = (
				D802199D2F1E84AE00FAC8E4 /* Sample Data */,
			);
			path = Resources;
			sourceTree = "<group>";
		};
		D802199B2F1E83A100FAC8E4 /* Utilities */ = {
			isa = PBXGroup;
			children = (
				D85333822F28C39F003A88D5 /* Errors */,
				D802199E2F1E84BF00FAC8E4 /* Extensions */,
			);
			path = Utilities;
			sourceTree = "<group>";
		};
		D802199C2F1E841F00FAC8E4 /* Supporting Files */ = {
			isa = PBXGroup;
			children = (
				D88AB9B62F31D37D000C8CE6 /* Recipe-Book-Info.plist */,
			);
			path = "Supporting Files";
			sourceTree = "<group>";
		};
		D802199D2F1E84AE00FAC8E4 /* Sample Data */ = {
			isa = PBXGroup;
			children = (
				D80D70552F2B77B2008AE53B /* TestJSON.swift */,
			);
			path = "Sample Data";
			sourceTree = "<group>";
		};
		D802199E2F1E84BF00FAC8E4 /* Extensions */ = {
			isa = PBXGroup;
			children = (
				D80D70572F2B7811008AE53B /* Color&Themes.swift */,
				D8BD040A2F31EFC700AD6BD0 /* DismissKeyboard.swift */,
			);
			path = Extensions;
			sourceTree = "<group>";
		};
		D80219A12F1E87CA00FAC8E4 /* Home */ = {
			isa = PBXGroup;
			children = (
				D80219A22F1E87E200FAC8E4 /* HomeView.swift */,
				D80219A42F1E882300FAC8E4 /* SearchBarView.swift */,
				D80219A62F1E88A900FAC8E4 /* RecipeTileView.swift */,
				D878BABA2F237B4A00B0E93D /* HomePageRecipeView.swift */,
				D8BD04082F31EDCC00AD6BD0 /* SearchResultsElements.swift */,
			);
			path = Home;
			sourceTree = "<group>";
		};
		D80219A82F1E895E00FAC8E4 /* Profile */ = {
			isa = PBXGroup;
			children = (
				D8B746BC2F30F975004B7573 /* Guest User */,
				D8B746BB2F30F91C004B7573 /* User Profile */,
				D8BD04052F31E1A100AD6BD0 /* Premium Account */,
			);
			path = Profile;
			sourceTree = "<group>";
		};
		D80219C72F1F63E400FAC8E4 /* SavedRecipes */ = {
			isa = PBXGroup;
			children = (
				D80219C82F1F641900FAC8E4 /* SavedRecipesView.swift */,
				D80219CA2F1F642800FAC8E4 /* RecipeBookRowView.swift */,
			);
			path = SavedRecipes;
			sourceTree = "<group>";
		};
		D80219CE2F1F6A5D00FAC8E4 /* RecipePage */ = {
			isa = PBXGroup;
			children = (
				D80219CC2F1F643700FAC8E4 /* RecipeBookView.swift */,
				D80219A92F1E899900FAC8E4 /* RecipePageView.swift */,
				D80219CF2F1F85DA00FAC8E4 /* PageCurlView.swift */,
			);
			path = RecipePage;
			sourceTree = "<group>";
		};
		D85333822F28C39F003A88D5 /* Errors */ = {
			isa = PBXGroup;
			children = (
				D85333832F28C946003A88D5 /* BasicErrorHandling.swift */,
			);
			path = Errors;
			sourceTree = "<group>";
		};
		D8B746B42F30C0C0004B7573 /* App Assets */ = {
			isa = PBXGroup;
			children = (
				D8B746B52F30C0E6004B7573 /* Profile Avatar Images */,
			);
			path = "App Assets";
			sourceTree = "<group>";
		};
		D8B746BB2F30F91C004B7573 /* User Profile */ = {
			isa = PBXGroup;
			children = (
				D80219AB2F1E89AA00FAC8E4 /* ProfileView.swift */,
				D80219D12F1FD29300FAC8E4 /* ProfileHeaderView.swift */,
			);
			path = "User Profile";
			sourceTree = "<group>";
		};
		D8B746BC2F30F975004B7573 /* Guest User */ = {
			isa = PBXGroup;
			children = (
				D8B746BD2F30FA6D004B7573 /* GuestUserView.swift */,
				D8B746BF2F30FC5E004B7573 /* SignInFormView.swift */,
			);
			path = "Guest User";
			sourceTree = "<group>";
		};
		D8B7A84E2F2CB0A700B21F1B /* Unused assests  */ = {
			isa = PBXGroup;
			children = (
				D8BD04012F31DCD800AD6BD0 /* ContentView.swift */,
			);
			path = "Unused assests ";
			sourceTree = "<group>";
		};
		D8BD04052F31E1A100AD6BD0 /* Premium Account */ = {
			isa = PBXGroup;
			children = (
				D80219DB2F1FDEA400FAC8E4 /* PremiumUpgradeBannerEffects.swift */,
				D80219D72F1FD4EC00FAC8E4 /* PremiumUpgradeView.swift */,
			);
			path = "Premium Account";
			sourceTree = "<group>";
		};
/* End PBXGroup section */

/* Begin PBXNativeTarget section */
		D802197A2F1E2ED600FAC8E4 /* Recipe Book */ = {
			isa = PBXNativeTarget;
			buildConfigurationList = D80219892F1E2ED800FAC8E4 /* Build configuration list for PBXNativeTarget "Recipe Book" */;
			buildPhases = (
				D80219772F1E2ED600FAC8E4 /* Sources */,
				D80219782F1E2ED600FAC8E4 /* Frameworks */,
				D80219792F1E2ED600FAC8E4 /* Resources */,
			);
			buildRules = (
			);
			dependencies = (
			);
			name = "Recipe Book";
			productName = "Recipe Book";
			productReference = D802197B2F1E2ED600FAC8E4 /* Recipe Book.app */;
			productType = "com.apple.product-type.application";
		};
/* End PBXNativeTarget section */

/* Begin PBXProject section */
		D80219732F1E2ED600FAC8E4 /* Project object */ = {
			isa = PBXProject;
			attributes = {
				BuildIndependentTargetsInParallel = 1;
				LastSwiftUpdateCheck = 1420;
				LastUpgradeCheck = 1420;
				TargetAttributes = {
					D802197A2F1E2ED600FAC8E4 = {
						CreatedOnToolsVersion = 14.2;
					};
				};
			};
			buildConfigurationList = D80219762F1E2ED600FAC8E4 /* Build configuration list for PBXProject "Recipe Book" */;
			compatibilityVersion = "Xcode 14.0";
			developmentRegion = en;
			hasScannedForEncodings = 0;
			knownRegions = (
				en,
				Base,
			);
			mainGroup = D80219722F1E2ED600FAC8E4;
			productRefGroup = D802197C2F1E2ED600FAC8E4 /* Products */;
			projectDirPath = "";
			projectRoot = "";
			targets = (
				D802197A2F1E2ED600FAC8E4 /* Recipe Book */,
			);
		};
/* End PBXProject section */

/* Begin PBXResourcesBuildPhase section */
		D80219792F1E2ED600FAC8E4 /* Resources */ = {
			isa = PBXResourcesBuildPhase;
			buildActionMask = 2147483647;
			files = (
				D80219862F1E2ED800FAC8E4 /* Preview Assets.xcassets in Resources */,
				D80219832F1E2ED800FAC8E4 /* Assets.xcassets in Resources */,
				D8B746B62F30C0E6004B7573 /* Profile Avatar Images in Resources */,
			);
			runOnlyForDeploymentPostprocessing = 0;
		};
/* End PBXResourcesBuildPhase section */

/* Begin PBXSourcesBuildPhase section */
		D80219772F1E2ED600FAC8E4 /* Sources */ = {
			isa = PBXSourcesBuildPhase;
			buildActionMask = 2147483647;
			files = (
				D8BD04072F31EA6B00AD6BD0 /* MealSearch.swift in Sources */,
				D80D70542F2B7769008AE53B /* AdvertisementView.swift in Sources */,
				D80D70562F2B77B2008AE53B /* TestJSON.swift in Sources */,
				D8BD04042F31DEEB00AD6BD0 /* APIModels.swift in Sources */,
				D878BABB2F237B4A00B0E93D /* HomePageRecipeView.swift in Sources */,
				D80219CD2F1F643700FAC8E4 /* RecipeBookView.swift in Sources */,
				D8BD04092F31EDCC00AD6BD0 /* SearchResultsElements.swift in Sources */,
				D85333812F28B18B003A88D5 /* GetRecipe.swift in Sources */,
				D80219AC2F1E89AA00FAC8E4 /* ProfileView.swift in Sources */,
				D80219A52F1E882300FAC8E4 /* SearchBarView.swift in Sources */,
				D80219D02F1F85DA00FAC8E4 /* PageCurlView.swift in Sources */,
				D8BD040B2F31EFC700AD6BD0 /* DismissKeyboard.swift in Sources */,
				D80219C92F1F641900FAC8E4 /* SavedRecipesView.swift in Sources */,
				D80219A72F1E88A900FAC8E4 /* RecipeTileView.swift in Sources */,
				D878BABD2F237FD800B0E93D /* HomeMealPage.swift in Sources */,
				D8B746C02F30FC5E004B7573 /* SignInFormView.swift in Sources */,
				D80219A32F1E87E200FAC8E4 /* HomeView.swift in Sources */,
				D80219D22F1FD29300FAC8E4 /* ProfileHeaderView.swift in Sources */,
				D8B746BA2F30F4F6004B7573 /* UserProfileSettings.swift in Sources */,
				D80D70502F2B72D0008AE53B /* UserDataLogic.swift in Sources */,
				D802197F2F1E2ED600FAC8E4 /* Recipe_BookApp.swift in Sources */,
				D8B746BE2F30FA6D004B7573 /* GuestUserView.swift in Sources */,
				D80219D82F1FD4EC00FAC8E4 /* PremiumUpgradeView.swift in Sources */,
				D80219A02F1E85C900FAC8E4 /* RootView.swift in Sources */,
				D8B746B82F30C373004B7573 /* UserProfile.swift in Sources */,
				D85333842F28C946003A88D5 /* BasicErrorHandling.swift in Sources */,
				D80219DC2F1FDEA400FAC8E4 /* PremiumUpgradeBannerEffects.swift in Sources */,
				D80219D62F1FD36300FAC8E4 /* DietaryPreferences.swift in Sources */,
				D80219CB2F1F642800FAC8E4 /* RecipeBookRowView.swift in Sources */,
				D80219AA2F1E899900FAC8E4 /* RecipePageView.swift in Sources */,
				D8BD04022F31DCD800AD6BD0 /* ContentView.swift in Sources */,
				D80D70522F2B7725008AE53B /* SharedElements.swift in Sources */,
				D80D70582F2B7811008AE53B /* Color&Themes.swift in Sources */,
				D80219DE2F20D32E00FAC8E4 /* AppEnvironment.swift in Sources */,
			);
			runOnlyForDeploymentPostprocessing = 0;
		};
/* End PBXSourcesBuildPhase section */

/* Begin XCBuildConfiguration section */
		D80219872F1E2ED800FAC8E4 /* Debug */ = {
			isa = XCBuildConfiguration;
			buildSettings = {
				ALWAYS_SEARCH_USER_PATHS = NO;
				CLANG_ANALYZER_NONNULL = YES;
				CLANG_ANALYZER_NUMBER_OBJECT_CONVERSION = YES_AGGRESSIVE;
				CLANG_CXX_LANGUAGE_STANDARD = "gnu++20";
				CLANG_ENABLE_MODULES = YES;
				CLANG_ENABLE_OBJC_ARC = YES;
				CLANG_ENABLE_OBJC_WEAK = YES;
				CLANG_WARN_BLOCK_CAPTURE_AUTORELEASING = YES;
				CLANG_WARN_BOOL_CONVERSION = YES;
				CLANG_WARN_COMMA = YES;
				CLANG_WARN_CONSTANT_CONVERSION = YES;
				CLANG_WARN_DEPRECATED_OBJC_IMPLEMENTATIONS = YES;
				CLANG_WARN_DIRECT_OBJC_ISA_USAGE = YES_ERROR;
				CLANG_WARN_DOCUMENTATION_COMMENTS = YES;
				CLANG_WARN_EMPTY_BODY = YES;
				CLANG_WARN_ENUM_CONVERSION = YES;
				CLANG_WARN_INFINITE_RECURSION = YES;
				CLANG_WARN_INT_CONVERSION = YES;
				CLANG_WARN_NON_LITERAL_NULL_CONVERSION = YES;
				CLANG_WARN_OBJC_IMPLICIT_RETAIN_SELF = YES;
				CLANG_WARN_OBJC_LITERAL_CONVERSION = YES;
				CLANG_WARN_OBJC_ROOT_CLASS = YES_ERROR;
				CLANG_WARN_QUOTED_INCLUDE_IN_FRAMEWORK_HEADER = YES;
				CLANG_WARN_RANGE_LOOP_ANALYSIS = YES;
				CLANG_WARN_STRICT_PROTOTYPES = YES;
				CLANG_WARN_SUSPICIOUS_MOVE = YES;
				CLANG_WARN_UNGUARDED_AVAILABILITY = YES_AGGRESSIVE;
				CLANG_WARN_UNREACHABLE_CODE = YES;
				CLANG_WARN__DUPLICATE_METHOD_MATCH = YES;
				COPY_PHASE_STRIP = NO;
				DEBUG_INFORMATION_FORMAT = dwarf;
				ENABLE_STRICT_OBJC_MSGSEND = YES;
				ENABLE_TESTABILITY = YES;
				GCC_C_LANGUAGE_STANDARD = gnu11;
				GCC_DYNAMIC_NO_PIC = NO;
				GCC_NO_COMMON_BLOCKS = YES;
				GCC_OPTIMIZATION_LEVEL = 0;
				GCC_PREPROCESSOR_DEFINITIONS = (
					"DEBUG=1",
					"$(inherited)",
				);
				GCC_WARN_64_TO_32_BIT_CONVERSION = YES;
				GCC_WARN_ABOUT_RETURN_TYPE = YES_ERROR;
				GCC_WARN_UNDECLARED_SELECTOR = YES;
				GCC_WARN_UNINITIALIZED_AUTOS = YES_AGGRESSIVE;
				GCC_WARN_UNUSED_FUNCTION = YES;
				GCC_WARN_UNUSED_VARIABLE = YES;
				IPHONEOS_DEPLOYMENT_TARGET = 16.2;
				MTL_ENABLE_DEBUG_INFO = INCLUDE_SOURCE;
				MTL_FAST_MATH = YES;
				ONLY_ACTIVE_ARCH = YES;
				SDKROOT = iphoneos;
				SWIFT_ACTIVE_COMPILATION_CONDITIONS = DEBUG;
				SWIFT_OPTIMIZATION_LEVEL = "-Onone";
			};
			name = Debug;
		};
		D80219882F1E2ED800FAC8E4 /* Release */ = {
			isa = XCBuildConfiguration;
			buildSettings = {
				ALWAYS_SEARCH_USER_PATHS = NO;
				CLANG_ANALYZER_NONNULL = YES;
				CLANG_ANALYZER_NUMBER_OBJECT_CONVERSION = YES_AGGRESSIVE;
				CLANG_CXX_LANGUAGE_STANDARD = "gnu++20";
				CLANG_ENABLE_MODULES = YES;
				CLANG_ENABLE_OBJC_ARC = YES;
				CLANG_ENABLE_OBJC_WEAK = YES;
				CLANG_WARN_BLOCK_CAPTURE_AUTORELEASING = YES;
				CLANG_WARN_BOOL_CONVERSION = YES;
				CLANG_WARN_COMMA = YES;
				CLANG_WARN_CONSTANT_CONVERSION = YES;
				CLANG_WARN_DEPRECATED_OBJC_IMPLEMENTATIONS = YES;
				CLANG_WARN_DIRECT_OBJC_ISA_USAGE = YES_ERROR;
				CLANG_WARN_DOCUMENTATION_COMMENTS = YES;
				CLANG_WARN_EMPTY_BODY = YES;
				CLANG_WARN_ENUM_CONVERSION = YES;
				CLANG_WARN_INFINITE_RECURSION = YES;
				CLANG_WARN_INT_CONVERSION = YES;
				CLANG_WARN_NON_LITERAL_NULL_CONVERSION = YES;
				CLANG_WARN_OBJC_IMPLICIT_RETAIN_SELF = YES;
				CLANG_WARN_OBJC_LITERAL_CONVERSION = YES;
				CLANG_WARN_OBJC_ROOT_CLASS = YES_ERROR;
				CLANG_WARN_QUOTED_INCLUDE_IN_FRAMEWORK_HEADER = YES;
				CLANG_WARN_RANGE_LOOP_ANALYSIS = YES;
				CLANG_WARN_STRICT_PROTOTYPES = YES;
				CLANG_WARN_SUSPICIOUS_MOVE = YES;
				CLANG_WARN_UNGUARDED_AVAILABILITY = YES_AGGRESSIVE;
				CLANG_WARN_UNREACHABLE_CODE = YES;
				CLANG_WARN__DUPLICATE_METHOD_MATCH = YES;
				COPY_PHASE_STRIP = NO;
				DEBUG_INFORMATION_FORMAT = "dwarf-with-dsym";
				ENABLE_NS_ASSERTIONS = NO;
				ENABLE_STRICT_OBJC_MSGSEND = YES;
				GCC_C_LANGUAGE_STANDARD = gnu11;
				GCC_NO_COMMON_BLOCKS = YES;
				GCC_WARN_64_TO_32_BIT_CONVERSION = YES;
				GCC_WARN_ABOUT_RETURN_TYPE = YES_ERROR;
				GCC_WARN_UNDECLARED_SELECTOR = YES;
				GCC_WARN_UNINITIALIZED_AUTOS = YES_AGGRESSIVE;
				GCC_WARN_UNUSED_FUNCTION = YES;
				GCC_WARN_UNUSED_VARIABLE = YES;
				IPHONEOS_DEPLOYMENT_TARGET = 16.2;
				MTL_ENABLE_DEBUG_INFO = NO;
				MTL_FAST_MATH = YES;
				SDKROOT = iphoneos;
				SWIFT_COMPILATION_MODE = wholemodule;
				SWIFT_OPTIMIZATION_LEVEL = "-O";
				VALIDATE_PRODUCT = YES;
			};
			name = Release;
		};
		D802198A2F1E2ED800FAC8E4 /* Debug */ = {
			isa = XCBuildConfiguration;
			buildSettings = {
				ASSETCATALOG_COMPILER_APPICON_NAME = AppIcon;
				ASSETCATALOG_COMPILER_GLOBAL_ACCENT_COLOR_NAME = AccentColor;
				CODE_SIGN_STYLE = Automatic;
				CURRENT_PROJECT_VERSION = 1;
				DEVELOPMENT_ASSET_PATHS = "\"Recipe Book/Preview Content\"";
				ENABLE_PREVIEWS = YES;
				GENERATE_INFOPLIST_FILE = YES;
				INFOPLIST_FILE = "Recipe Book/Supporting Files/Recipe-Book-Info.plist";
				INFOPLIST_KEY_UIApplicationSupportsIndirectInputEvents = YES;
				INFOPLIST_KEY_UILaunchScreen_Generation = YES;
				INFOPLIST_KEY_UIStatusBarStyle = "";
				INFOPLIST_KEY_UISupportedInterfaceOrientations_iPad = "UIInterfaceOrientationPortrait UIInterfaceOrientationPortraitUpsideDown UIInterfaceOrientationLandscapeLeft UIInterfaceOrientationLandscapeRight";
				INFOPLIST_KEY_UISupportedInterfaceOrientations_iPhone = "UIInterfaceOrientationPortrait UIInterfaceOrientationLandscapeLeft UIInterfaceOrientationLandscapeRight";
				LD_RUNPATH_SEARCH_PATHS = (
					"$(inherited)",
					"@executable_path/Frameworks",
				);
				MARKETING_VERSION = 1.0;
				PRODUCT_BUNDLE_IDENTIFIER = "com.n3xcode.Recipe-Book";
				PRODUCT_NAME = "$(TARGET_NAME)";
				SWIFT_EMIT_LOC_STRINGS = YES;
				SWIFT_VERSION = 5.0;
				TARGETED_DEVICE_FAMILY = "1,2";
			};
			name = Debug;
		};
		D802198B2F1E2ED800FAC8E4 /* Release */ = {
			isa = XCBuildConfiguration;
			buildSettings = {
				ASSETCATALOG_COMPILER_APPICON_NAME = AppIcon;
				ASSETCATALOG_COMPILER_GLOBAL_ACCENT_COLOR_NAME = AccentColor;
				CODE_SIGN_STYLE = Automatic;
				CURRENT_PROJECT_VERSION = 1;
				DEVELOPMENT_ASSET_PATHS = "\"Recipe Book/Preview Content\"";
				ENABLE_PREVIEWS = YES;
				GENERATE_INFOPLIST_FILE = YES;
				INFOPLIST_FILE = "Recipe Book/Supporting Files/Recipe-Book-Info.plist";
				INFOPLIST_KEY_UIApplicationSupportsIndirectInputEvents = YES;
				INFOPLIST_KEY_UILaunchScreen_Generation = YES;
				INFOPLIST_KEY_UIStatusBarStyle = "";
				INFOPLIST_KEY_UISupportedInterfaceOrientations_iPad = "UIInterfaceOrientationPortrait UIInterfaceOrientationPortraitUpsideDown UIInterfaceOrientationLandscapeLeft UIInterfaceOrientationLandscapeRight";
				INFOPLIST_KEY_UISupportedInterfaceOrientations_iPhone = "UIInterfaceOrientationPortrait UIInterfaceOrientationLandscapeLeft UIInterfaceOrientationLandscapeRight";
				LD_RUNPATH_SEARCH_PATHS = (
					"$(inherited)",
					"@executable_path/Frameworks",
				);
				MARKETING_VERSION = 1.0;
				PRODUCT_BUNDLE_IDENTIFIER = "com.n3xcode.Recipe-Book";
				PRODUCT_NAME = "$(TARGET_NAME)";
				SWIFT_EMIT_LOC_STRINGS = YES;
				SWIFT_VERSION = 5.0;
				TARGETED_DEVICE_FAMILY = "1,2";
			};
			name = Release;
		};
/* End XCBuildConfiguration section */

/* Begin XCConfigurationList section */
		D80219762F1E2ED600FAC8E4 /* Build configuration list for PBXProject "Recipe Book" */ = {
			isa = XCConfigurationList;
			buildConfigurations = (
				D80219872F1E2ED800FAC8E4 /* Debug */,
				D80219882F1E2ED800FAC8E4 /* Release */,
			);
			defaultConfigurationIsVisible = 0;
			defaultConfigurationName = Release;
		};
		D80219892F1E2ED800FAC8E4 /* Build configuration list for PBXNativeTarget "Recipe Book" */ = {
			isa = XCConfigurationList;
			buildConfigurations = (
				D802198A2F1E2ED800FAC8E4 /* Debug */,
				D802198B2F1E2ED800FAC8E4 /* Release */,
			);
			defaultConfigurationIsVisible = 0;
			defaultConfigurationName = Release;
		};
/* End XCConfigurationList section */
	};
	rootObject = D80219732F1E2ED600FAC8E4 /* Project object */;
}
